
Microsoft Visual Studio Solution File, Format Version 12.00
# Visual Studio Version 16
VisualStudioVersion = 25.0.1706.14
MinimumVisualStudioVersion = 10.0.40219.1
Project("{FAE04EC0-301F-11D3-BF4B-00C04F79EFBC}") = "DropLoaderApp", "DropLoaderApp\DropLoaderApp.csproj", "{4BEC1338-68D0-4404-8B3E-5770B1E36886}"
EndProject
Global
	GlobalSection(SolutionConfigurationPlatforms) = preSolution
		Debug|Any CPU = Debug|Any CPU
		Release|Any CPU = Release|Any CPU
	EndGlobalSection
	GlobalSection(ProjectConfigurationPlatforms) = postSolution
		{4BEC1338-68D0-4404-8B3E-5770B1E36886}.Debug|Any CPU.ActiveCfg = Debug|Any CPU
		{4BEC1338-68D0-4404-8B3E-5770B1E36886}.Debug|Any CPU.Build.0 = Debug|Any CPU
		{4BEC1338-68D0-4404-8B3E-5770B1E36886}.Release|Any CPU.ActiveCfg = Release|Any CPU
		{4BEC1338-68D0-4404-8B3E-5770B1E36886}.Release|Any CPU.Build.0 = Release|Any CPU
	EndGlobalSection
	GlobalSection(SolutionProperties) = preSolution
		HideSolutionNode = FALSE
	EndGlobalSection
	GlobalSection(ExtensibilityGlobals) = postSolution
		SolutionGuid = {EFB0DC1E-326A-426E-88CF-D711BD7E39ED}
	EndGlobalSection
EndGlobal
